
Microsoft Visual Studio Solution File, Format Version 12.00
# Visual Studio Version 17
VisualStudioVersion = 17.4.33213.308
MinimumVisualStudioVersion = 10.0.40219.1
Project("{D2ABAB84-BF74-430A-B69E-9DC6D40DDA17}") = "PowerLiftingWork", "PowerLiftingWork.dwproj", "{C1F43C97-EFDC-4A03-A20C-5A4F7F389AB5}"
EndProject
Global
	GlobalSection(SolutionConfigurationPlatforms) = preSolution
		Development|Default = Development|Default
	EndGlobalSection
	GlobalSection(ProjectConfigurationPlatforms) = postSolution
		{C1F43C97-EFDC-4A03-A20C-5A4F7F389AB5}.Development|Default.ActiveCfg = Development
		{C1F43C97-EFDC-4A03-A20C-5A4F7F389AB5}.Development|Default.Build.0 = Development
		{C1F43C97-EFDC-4A03-A20C-5A4F7F389AB5}.Development|Default.Deploy.0 = Development
	EndGlobalSection
	GlobalSection(SolutionProperties) = preSolution
		HideSolutionNode = FALSE
	EndGlobalSection
	GlobalSection(ExtensibilityGlobals) = postSolution
		SolutionGuid = {226AEEAF-5572-47D6-9C6A-DBFFF8902719}
	EndGlobalSection
EndGlobal
